{
  "name": "react-native-map-clustering",
  "version": "3.1.2",
  "lockfileVersion": 1,
  "requires": true,
  "dependencies": {
    "@mapbox/geo-viewport": {
      "version": "0.4.0",
      "resolved": "https://registry.npmjs.org/@mapbox/geo-viewport/-/geo-viewport-0.4.0.tgz",
      "integrity": "sha512-5OAXoP8C96Co3UDIzFliSzrK5njb9oG2H/RTMaZUW1swxIZlj3n3A5ccep5XAEIhTWxBLg/Cz48D3rUbAdXwHQ==",
      "requires": {
        "@mapbox/sphericalmercator": "~1.1.0"
      }
    },
    "@mapbox/sphericalmercator": {
      "version": "1.1.0",
      "resolved": "https://registry.npmjs.org/@mapbox/sphericalmercator/-/sphericalmercator-1.1.0.tgz",
      "integrity": "sha512-pEsfZyG4OMThlfFQbCte4gegvHUjxXCjz0KZ4Xk8NdOYTQBLflj6U8PL05RPAiuRAMAQNUUKJuL6qYZ5Y4kAWA=="
    },
    "kdbush": {
      "version": "3.0.0",
      "resolved": "https://registry.npmjs.org/kdbush/-/kdbush-3.0.0.tgz",
      "integrity": "sha512-hRkd6/XW4HTsA9vjVpY9tuXJYLSlelnkTmVFu4M9/7MIYQtFcHpbugAU7UbOfjOiVSVYl2fqgBuJ32JUmRo5Ew=="
    },
    "supercluster": {
      "version": "6.0.2",
      "resolved": "https://registry.npmjs.org/supercluster/-/supercluster-6.0.2.tgz",
      "integrity": "sha512-aa0v2HURjBTOpbcknilcfxGDuArM8khklKSmZ/T8ZXL0BuRwb5aRw95lz+2bmWpFvCXDX/+FzqHxmg0TIaJErw==",
      "requires": {
        "kdbush": "^3.0.0"
      }
    }
  }
}
